// !$*UTF8*$!
{
	archiveVersion = 1;
	classes = {
	};
	objectVersion = 55;
	objects = {

/* Begin PBXBuildFile section */
		2F5AAF79277F6297002C6922 /* NavigationOption.swift in Sources */ = {isa = PBXBuildFile; fileRef = 2F5AAF78277F6297002C6922 /* NavigationOption.swift */; };
		2F5AAF92277F6547002C6922 /* ViewAdditions in Frameworks */ = {isa = PBXBuildFile; productRef = 2F5AAF91277F6547002C6922 /* ViewAdditions */; };
		2F5AAF99277F66C3002C6922 /* ViewWithNavD.swift in Sources */ = {isa = PBXBuildFile; fileRef = 2F5AAF94277F66C3002C6922 /* ViewWithNavD.swift */; };
		2F5AAF9A277F66C3002C6922 /* ViewWithNavB.swift in Sources */ = {isa = PBXBuildFile; fileRef = 2F5AAF95277F66C3002C6922 /* ViewWithNavB.swift */; };
		2F5AAF9B277F66C3002C6922 /* ViewWithNavE.swift in Sources */ = {isa = PBXBuildFile; fileRef = 2F5AAF96277F66C3002C6922 /* ViewWithNavE.swift */; };
		2F5AAF9C277F66C3002C6922 /* ViewWithNavA.swift in Sources */ = {isa = PBXBuildFile; fileRef = 2F5AAF97277F66C3002C6922 /* ViewWithNavA.swift */; };
		2F5AAF9D277F66C3002C6922 /* ViewWithNavC.swift in Sources */ = {isa = PBXBuildFile; fileRef = 2F5AAF98277F66C3002C6922 /* ViewWithNavC.swift */; };
		2F871C19277F3A82002CB6F0 /* SwiftUINavigationLabApp.swift in Sources */ = {isa = PBXBuildFile; fileRef = 2F871C18277F3A82002CB6F0 /* SwiftUINavigationLabApp.swift */; };
		2F871C1B277F3A82002CB6F0 /* RootView.swift in Sources */ = {isa = PBXBuildFile; fileRef = 2F871C1A277F3A82002CB6F0 /* RootView.swift */; };
		2F871C1D277F3A83002CB6F0 /* Assets.xcassets in Resources */ = {isa = PBXBuildFile; fileRef = 2F871C1C277F3A83002CB6F0 /* Assets.xcassets */; };
		2F871C20277F3A83002CB6F0 /* Preview Assets.xcassets in Resources */ = {isa = PBXBuildFile; fileRef = 2F871C1F277F3A83002CB6F0 /* Preview Assets.xcassets */; };
		2F871C2A277F3A83002CB6F0 /* SwiftUINavigationLabTests.swift in Sources */ = {isa = PBXBuildFile; fileRef = 2F871C29277F3A83002CB6F0 /* SwiftUINavigationLabTests.swift */; };
		2F871C34277F3A83002CB6F0 /* SwiftUINavigationLabUITests.swift in Sources */ = {isa = PBXBuildFile; fileRef = 2F871C33277F3A83002CB6F0 /* SwiftUINavigationLabUITests.swift */; };
		2F871C36277F3A83002CB6F0 /* SwiftUINavigationLabUITestsLaunchTests.swift in Sources */ = {isa = PBXBuildFile; fileRef = 2F871C35277F3A83002CB6F0 /* SwiftUINavigationLabUITestsLaunchTests.swift */; };
/* End PBXBuildFile section */

/* Begin PBXContainerItemProxy section */
		2F871C26277F3A83002CB6F0 /* PBXContainerItemProxy */ = {
			isa = PBXContainerItemProxy;
			containerPortal = 2F871C0D277F3A82002CB6F0 /* Project object */;
			proxyType = 1;
			remoteGlobalIDString = 2F871C14277F3A82002CB6F0;
			remoteInfo = SwiftUINavigationLab;
		};
		2F871C30277F3A83002CB6F0 /* PBXContainerItemProxy */ = {
			isa = PBXContainerItemProxy;
			containerPortal = 2F871C0D277F3A82002CB6F0 /* Project object */;
			proxyType = 1;
			remoteGlobalIDString = 2F871C14277F3A82002CB6F0;
			remoteInfo = SwiftUINavigationLab;
		};
/* End PBXContainerItemProxy section */

/* Begin PBXFileReference section */
		2F5AAF68277F450D002C6922 /* Coordinator */ = {isa = PBXFileReference; lastKnownFileType = wrapper; path = Coordinator; sourceTree = "<group>"; };
		2F5AAF69277F5AA9002C6922 /* Coordinator2 */ = {isa = PBXFileReference; lastKnownFileType = wrapper; path = Coordinator2; sourceTree = "<group>"; };
		2F5AAF6A277F5B02002C6922 /* Coordinator3 */ = {isa = PBXFileReference; lastKnownFileType = wrapper; path = Coordinator3; sourceTree = "<group>"; };
		2F5AAF6B277F5B15002C6922 /* Views */ = {isa = PBXFileReference; lastKnownFileType = wrapper; path = Views; sourceTree = "<group>"; };
		2F5AAF78277F6297002C6922 /* NavigationOption.swift */ = {isa = PBXFileReference; lastKnownFileType = sourcecode.swift; path = NavigationOption.swift; sourceTree = "<group>"; };
		2F5AAF7A277F636E002C6922 /* ViewAdditions */ = {isa = PBXFileReference; lastKnownFileType = wrapper; path = ViewAdditions; sourceTree = "<group>"; };
		2F5AAF94277F66C3002C6922 /* ViewWithNavD.swift */ = {isa = PBXFileReference; fileEncoding = 4; lastKnownFileType = sourcecode.swift; path = ViewWithNavD.swift; sourceTree = "<group>"; };
		2F5AAF95277F66C3002C6922 /* ViewWithNavB.swift */ = {isa = PBXFileReference; fileEncoding = 4; lastKnownFileType = sourcecode.swift; path = ViewWithNavB.swift; sourceTree = "<group>"; };
		2F5AAF96277F66C3002C6922 /* ViewWithNavE.swift */ = {isa = PBXFileReference; fileEncoding = 4; lastKnownFileType = sourcecode.swift; path = ViewWithNavE.swift; sourceTree = "<group>"; };
		2F5AAF97277F66C3002C6922 /* ViewWithNavA.swift */ = {isa = PBXFileReference; fileEncoding = 4; lastKnownFileType = sourcecode.swift; path = ViewWithNavA.swift; sourceTree = "<group>"; };
		2F5AAF98277F66C3002C6922 /* ViewWithNavC.swift */ = {isa = PBXFileReference; fileEncoding = 4; lastKnownFileType = sourcecode.swift; path = ViewWithNavC.swift; sourceTree = "<group>"; };
		2F871C15277F3A82002CB6F0 /* SwiftUINavigationLab.app */ = {isa = PBXFileReference; explicitFileType = wrapper.application; includeInIndex = 0; path = SwiftUINavigationLab.app; sourceTree = BUILT_PRODUCTS_DIR; };
		2F871C18277F3A82002CB6F0 /* SwiftUINavigationLabApp.swift */ = {isa = PBXFileReference; lastKnownFileType = sourcecode.swift; path = SwiftUINavigationLabApp.swift; sourceTree = "<group>"; };
		2F871C1A277F3A82002CB6F0 /* RootView.swift */ = {isa = PBXFileReference; lastKnownFileType = sourcecode.swift; path = RootView.swift; sourceTree = "<group>"; };
		2F871C1C277F3A83002CB6F0 /* Assets.xcassets */ = {isa = PBXFileReference; lastKnownFileType = folder.assetcatalog; path = Assets.xcassets; sourceTree = "<group>"; };
		2F871C1F277F3A83002CB6F0 /* Preview Assets.xcassets */ = {isa = PBXFileReference; lastKnownFileType = folder.assetcatalog; path = "Preview Assets.xcassets"; sourceTree = "<group>"; };
		2F871C25277F3A83002CB6F0 /* SwiftUINavigationLabTests.xctest */ = {isa = PBXFileReference; explicitFileType = wrapper.cfbundle; includeInIndex = 0; path = SwiftUINavigationLabTests.xctest; sourceTree = BUILT_PRODUCTS_DIR; };
		2F871C29277F3A83002CB6F0 /* SwiftUINavigationLabTests.swift */ = {isa = PBXFileReference; lastKnownFileType = sourcecode.swift; path = SwiftUINavigationLabTests.swift; sourceTree = "<group>"; };
		2F871C2F277F3A83002CB6F0 /* SwiftUINavigationLabUITests.xctest */ = {isa = PBXFileReference; explicitFileType = wrapper.cfbundle; includeInIndex = 0; path = SwiftUINavigationLabUITests.xctest; sourceTree = BUILT_PRODUCTS_DIR; };
		2F871C33277F3A83002CB6F0 /* SwiftUINavigationLabUITests.swift */ = {isa = PBXFileReference; lastKnownFileType = sourcecode.swift; path = SwiftUINavigationLabUITests.swift; sourceTree = "<group>"; };
		2F871C35277F3A83002CB6F0 /* SwiftUINavigationLabUITestsLaunchTests.swift */ = {isa = PBXFileReference; lastKnownFileType = sourcecode.swift; path = SwiftUINavigationLabUITestsLaunchTests.swift; sourceTree = "<group>"; };
/* End PBXFileReference section */

/* Begin PBXFrameworksBuildPhase section */
		2F871C12277F3A82002CB6F0 /* Frameworks */ = {
			isa = PBXFrameworksBuildPhase;
			buildActionMask = 2147483647;
			files = (
				2F5AAF92277F6547002C6922 /* ViewAdditions in Frameworks */,
			);
			runOnlyForDeploymentPostprocessing = 0;
		};
		2F871C22277F3A83002CB6F0 /* Frameworks */ = {
			isa = PBXFrameworksBuildPhase;
			buildActionMask = 2147483647;
			files = (
			);
			runOnlyForDeploymentPostprocessing = 0;
		};
		2F871C2C277F3A83002CB6F0 /* Frameworks */ = {
			isa = PBXFrameworksBuildPhase;
			buildActionMask = 2147483647;
			files = (
			);
			runOnlyForDeploymentPostprocessing = 0;
		};
/* End PBXFrameworksBuildPhase section */

/* Begin PBXGroup section */
		2F5AAF67277F450D002C6922 /* Packages */ = {
			isa = PBXGroup;
			children = (
				2F5AAF68277F450D002C6922 /* Coordinator */,
				2F5AAF69277F5AA9002C6922 /* Coordinator2 */,
				2F5AAF6A277F5B02002C6922 /* Coordinator3 */,
				2F5AAF7A277F636E002C6922 /* ViewAdditions */,
				2F5AAF6B277F5B15002C6922 /* Views */,
			);
			name = Packages;
			sourceTree = "<group>";
		};
		2F5AAF77277F627B002C6922 /* RootView */ = {
			isa = PBXGroup;
			children = (
				2F871C1A277F3A82002CB6F0 /* RootView.swift */,
				2F5AAF78277F6297002C6922 /* NavigationOption.swift */,
			);
			path = RootView;
			sourceTree = "<group>";
		};
		2F5AAF90277F6547002C6922 /* Frameworks */ = {
			isa = PBXGroup;
			children = (
			);
			name = Frameworks;
			sourceTree = "<group>";
		};
		2F5AAF93277F66C3002C6922 /* ViewsWithNavigationLink */ = {
			isa = PBXGroup;
			children = (
				2F5AAF97277F66C3002C6922 /* ViewWithNavA.swift */,
				2F5AAF95277F66C3002C6922 /* ViewWithNavB.swift */,
				2F5AAF98277F66C3002C6922 /* ViewWithNavC.swift */,
				2F5AAF94277F66C3002C6922 /* ViewWithNavD.swift */,
				2F5AAF96277F66C3002C6922 /* ViewWithNavE.swift */,
			);
			path = ViewsWithNavigationLink;
			sourceTree = "<group>";
		};
		2F871C0C277F3A82002CB6F0 = {
			isa = PBXGroup;
			children = (
				2F5AAF67277F450D002C6922 /* Packages */,
				2F871C17277F3A82002CB6F0 /* SwiftUINavigationLab */,
				2F871C28277F3A83002CB6F0 /* SwiftUINavigationLabTests */,
				2F871C32277F3A83002CB6F0 /* SwiftUINavigationLabUITests */,
				2F871C16277F3A82002CB6F0 /* Products */,
				2F5AAF90277F6547002C6922 /* Frameworks */,
			);
			sourceTree = "<group>";
		};
		2F871C16277F3A82002CB6F0 /* Products */ = {
			isa = PBXGroup;
			children = (
				2F871C15277F3A82002CB6F0 /* SwiftUINavigationLab.app */,
				2F871C25277F3A83002CB6F0 /* SwiftUINavigationLabTests.xctest */,
				2F871C2F277F3A83002CB6F0 /* SwiftUINavigationLabUITests.xctest */,
			);
			name = Products;
			sourceTree = "<group>";
		};
		2F871C17277F3A82002CB6F0 /* SwiftUINavigationLab */ = {
			isa = PBXGroup;
			children = (
				2F871C43277F3B02002CB6F0 /* Resources */,
				2F871C42277F3AF9002CB6F0 /* Sources */,
				2F871C1E277F3A83002CB6F0 /* Preview Content */,
			);
			path = SwiftUINavigationLab;
			sourceTree = "<group>";
		};
		2F871C1E277F3A83002CB6F0 /* Preview Content */ = {
			isa = PBXGroup;
			children = (
				2F871C1F277F3A83002CB6F0 /* Preview Assets.xcassets */,
			);
			path = "Preview Content";
			sourceTree = "<group>";
		};
		2F871C28277F3A83002CB6F0 /* SwiftUINavigationLabTests */ = {
			isa = PBXGroup;
			children = (
				2F871C29277F3A83002CB6F0 /* SwiftUINavigationLabTests.swift */,
			);
			path = SwiftUINavigationLabTests;
			sourceTree = "<group>";
		};
		2F871C32277F3A83002CB6F0 /* SwiftUINavigationLabUITests */ = {
			isa = PBXGroup;
			children = (
				2F871C33277F3A83002CB6F0 /* SwiftUINavigationLabUITests.swift */,
				2F871C35277F3A83002CB6F0 /* SwiftUINavigationLabUITestsLaunchTests.swift */,
			);
			path = SwiftUINavigationLabUITests;
			sourceTree = "<group>";
		};
		2F871C42277F3AF9002CB6F0 /* Sources */ = {
			isa = PBXGroup;
			children = (
				2F871C44277F3B18002CB6F0 /* Main */,
				2F5AAF77277F627B002C6922 /* RootView */,
				2F5AAF93277F66C3002C6922 /* ViewsWithNavigationLink */,
			);
			path = Sources;
			sourceTree = "<group>";
		};
		2F871C43277F3B02002CB6F0 /* Resources */ = {
			isa = PBXGroup;
			children = (
				2F871C1C277F3A83002CB6F0 /* Assets.xcassets */,
			);
			path = Resources;
			sourceTree = "<group>";
		};
		2F871C44277F3B18002CB6F0 /* Main */ = {
			isa = PBXGroup;
			children = (
				2F871C18277F3A82002CB6F0 /* SwiftUINavigationLabApp.swift */,
			);
			path = Main;
			sourceTree = "<group>";
		};
/* End PBXGroup section */

/* Begin PBXNativeTarget section */
		2F871C14277F3A82002CB6F0 /* SwiftUINavigationLab */ = {
			isa = PBXNativeTarget;
			buildConfigurationList = 2F871C39277F3A84002CB6F0 /* Build configuration list for PBXNativeTarget "SwiftUINavigationLab" */;
			buildPhases = (
				2F871C11277F3A82002CB6F0 /* Sources */,
				2F871C12277F3A82002CB6F0 /* Frameworks */,
				2F871C13277F3A82002CB6F0 /* Resources */,
			);
			buildRules = (
			);
			dependencies = (
			);
			name = SwiftUINavigationLab;
			packageProductDependencies = (
				2F5AAF91277F6547002C6922 /* ViewAdditions */,
			);
			productName = SwiftUINavigationLab;
			productReference = 2F871C15277F3A82002CB6F0 /* SwiftUINavigationLab.app */;
			productType = "com.apple.product-type.application";
		};
		2F871C24277F3A83002CB6F0 /* SwiftUINavigationLabTests */ = {
			isa = PBXNativeTarget;
			buildConfigurationList = 2F871C3C277F3A84002CB6F0 /* Build configuration list for PBXNativeTarget "SwiftUINavigationLabTests" */;
			buildPhases = (
				2F871C21277F3A83002CB6F0 /* Sources */,
				2F871C22277F3A83002CB6F0 /* Frameworks */,
				2F871C23277F3A83002CB6F0 /* Resources */,
			);
			buildRules = (
			);
			dependencies = (
				2F871C27277F3A83002CB6F0 /* PBXTargetDependency */,
			);
			name = SwiftUINavigationLabTests;
			productName = SwiftUINavigationLabTests;
			productReference = 2F871C25277F3A83002CB6F0 /* SwiftUINavigationLabTests.xctest */;
			productType = "com.apple.product-type.bundle.unit-test";
		};
		2F871C2E277F3A83002CB6F0 /* SwiftUINavigationLabUITests */ = {
			isa = PBXNativeTarget;
			buildConfigurationList = 2F871C3F277F3A84002CB6F0 /* Build configuration list for PBXNativeTarget "SwiftUINavigationLabUITests" */;
			buildPhases = (
				2F871C2B277F3A83002CB6F0 /* Sources */,
				2F871C2C277F3A83002CB6F0 /* Frameworks */,
				2F871C2D277F3A83002CB6F0 /* Resources */,
			);
			buildRules = (
			);
			dependencies = (
				2F871C31277F3A83002CB6F0 /* PBXTargetDependency */,
			);
			name = SwiftUINavigationLabUITests;
			productName = SwiftUINavigationLabUITests;
			productReference = 2F871C2F277F3A83002CB6F0 /* SwiftUINavigationLabUITests.xctest */;
			productType = "com.apple.product-type.bundle.ui-testing";
		};
/* End PBXNativeTarget section */

/* Begin PBXProject section */
		2F871C0D277F3A82002CB6F0 /* Project object */ = {
			isa = PBXProject;
			attributes = {
				BuildIndependentTargetsInParallel = 1;
				LastSwiftUpdateCheck = 1320;
				LastUpgradeCheck = 1320;
				TargetAttributes = {
					2F871C14277F3A82002CB6F0 = {
						CreatedOnToolsVersion = 13.2.1;
					};
					2F871C24277F3A83002CB6F0 = {
						CreatedOnToolsVersion = 13.2.1;
						TestTargetID = 2F871C14277F3A82002CB6F0;
					};
					2F871C2E277F3A83002CB6F0 = {
						CreatedOnToolsVersion = 13.2.1;
						TestTargetID = 2F871C14277F3A82002CB6F0;
					};
				};
			};
			buildConfigurationList = 2F871C10277F3A82002CB6F0 /* Build configuration list for PBXProject "SwiftUINavigationLab" */;
			compatibilityVersion = "Xcode 13.0";
			developmentRegion = en;
			hasScannedForEncodings = 0;
			knownRegions = (
				en,
				Base,
			);
			mainGroup = 2F871C0C277F3A82002CB6F0;
			productRefGroup = 2F871C16277F3A82002CB6F0 /* Products */;
			projectDirPath = "";
			projectRoot = "";
			targets = (
				2F871C14277F3A82002CB6F0 /* SwiftUINavigationLab */,
				2F871C24277F3A83002CB6F0 /* SwiftUINavigationLabTests */,
				2F871C2E277F3A83002CB6F0 /* SwiftUINavigationLabUITests */,
			);
		};
/* End PBXProject section */

/* Begin PBXResourcesBuildPhase section */
		2F871C13277F3A82002CB6F0 /* Resources */ = {
			isa = PBXResourcesBuildPhase;
			buildActionMask = 2147483647;
			files = (
				2F871C20277F3A83002CB6F0 /* Preview Assets.xcassets in Resources */,
				2F871C1D277F3A83002CB6F0 /* Assets.xcassets in Resources */,
			);
			runOnlyForDeploymentPostprocessing = 0;
		};
		2F871C23277F3A83002CB6F0 /* Resources */ = {
			isa = PBXResourcesBuildPhase;
			buildActionMask = 2147483647;
			files = (
			);
			runOnlyForDeploymentPostprocessing = 0;
		};
		2F871C2D277F3A83002CB6F0 /* Resources */ = {
			isa = PBXResourcesBuildPhase;
			buildActionMask = 2147483647;
			files = (
			);
			runOnlyForDeploymentPostprocessing = 0;
		};
/* End PBXResourcesBuildPhase section */

/* Begin PBXSourcesBuildPhase section */
		2F871C11277F3A82002CB6F0 /* Sources */ = {
			isa = PBXSourcesBuildPhase;
			buildActionMask = 2147483647;
			files = (
				2F5AAF79277F6297002C6922 /* NavigationOption.swift in Sources */,
				2F5AAF99277F66C3002C6922 /* ViewWithNavD.swift in Sources */,
				2F5AAF9B277F66C3002C6922 /* ViewWithNavE.swift in Sources */,
				2F871C1B277F3A82002CB6F0 /* RootView.swift in Sources */,
				2F5AAF9D277F66C3002C6922 /* ViewWithNavC.swift in Sources */,
				2F5AAF9A277F66C3002C6922 /* ViewWithNavB.swift in Sources */,
				2F5AAF9C277F66C3002C6922 /* ViewWithNavA.swift in Sources */,
				2F871C19277F3A82002CB6F0 /* SwiftUINavigationLabApp.swift in Sources */,
			);
			runOnlyForDeploymentPostprocessing = 0;
		};
		2F871C21277F3A83002CB6F0 /* Sources */ = {
			isa = PBXSourcesBuildPhase;
			buildActionMask = 2147483647;
			files = (
				2F871C2A277F3A83002CB6F0 /* SwiftUINavigationLabTests.swift in Sources */,
			);
			runOnlyForDeploymentPostprocessing = 0;
		};
		2F871C2B277F3A83002CB6F0 /* Sources */ = {
			isa = PBXSourcesBuildPhase;
			buildActionMask = 2147483647;
			files = (
				2F871C36277F3A83002CB6F0 /* SwiftUINavigationLabUITestsLaunchTests.swift in Sources */,
				2F871C34277F3A83002CB6F0 /* SwiftUINavigationLabUITests.swift in Sources */,
			);
			runOnlyForDeploymentPostprocessing = 0;
		};
/* End PBXSourcesBuildPhase section */

/* Begin PBXTargetDependency section */
		2F871C27277F3A83002CB6F0 /* PBXTargetDependency */ = {
			isa = PBXTargetDependency;
			target = 2F871C14277F3A82002CB6F0 /* SwiftUINavigationLab */;
			targetProxy = 2F871C26277F3A83002CB6F0 /* PBXContainerItemProxy */;
		};
		2F871C31277F3A83002CB6F0 /* PBXTargetDependency */ = {
			isa = PBXTargetDependency;
			target = 2F871C14277F3A82002CB6F0 /* SwiftUINavigationLab */;
			targetProxy = 2F871C30277F3A83002CB6F0 /* PBXContainerItemProxy */;
		};
/* End PBXTargetDependency section */

/* Begin XCBuildConfiguration section */
		2F871C37277F3A83002CB6F0 /* Debug */ = {
			isa = XCBuildConfiguration;
			buildSettings = {
				ALWAYS_SEARCH_USER_PATHS = NO;
				CLANG_ANALYZER_NONNULL = YES;
				CLANG_ANALYZER_NUMBER_OBJECT_CONVERSION = YES_AGGRESSIVE;
				CLANG_CXX_LANGUAGE_STANDARD = "gnu++17";
				CLANG_CXX_LIBRARY = "libc++";
				CLANG_ENABLE_MODULES = YES;
				CLANG_ENABLE_OBJC_ARC = YES;
				CLANG_ENABLE_OBJC_WEAK = YES;
				CLANG_WARN_BLOCK_CAPTURE_AUTORELEASING = YES;
				CLANG_WARN_BOOL_CONVERSION = YES;
				CLANG_WARN_COMMA = YES;
				CLANG_WARN_CONSTANT_CONVERSION = YES;
				CLANG_WARN_DEPRECATED_OBJC_IMPLEMENTATIONS = YES;
				CLANG_WARN_DIRECT_OBJC_ISA_USAGE = YES_ERROR;
				CLANG_WARN_DOCUMENTATION_COMMENTS = YES;
				CLANG_WARN_EMPTY_BODY = YES;
				CLANG_WARN_ENUM_CONVERSION = YES;
				CLANG_WARN_INFINITE_RECURSION = YES;
				CLANG_WARN_INT_CONVERSION = YES;
				CLANG_WARN_NON_LITERAL_NULL_CONVERSION = YES;
				CLANG_WARN_OBJC_IMPLICIT_RETAIN_SELF = YES;
				CLANG_WARN_OBJC_LITERAL_CONVERSION = YES;
				CLANG_WARN_OBJC_ROOT_CLASS = YES_ERROR;
				CLANG_WARN_QUOTED_INCLUDE_IN_FRAMEWORK_HEADER = YES;
				CLANG_WARN_RANGE_LOOP_ANALYSIS = YES;
				CLANG_WARN_STRICT_PROTOTYPES = YES;
				CLANG_WARN_SUSPICIOUS_MOVE = YES;
				CLANG_WARN_UNGUARDED_AVAILABILITY = YES_AGGRESSIVE;
				CLANG_WARN_UNREACHABLE_CODE = YES;
				CLANG_WARN__DUPLICATE_METHOD_MATCH = YES;
				COPY_PHASE_STRIP = NO;
				DEBUG_INFORMATION_FORMAT = dwarf;
				ENABLE_STRICT_OBJC_MSGSEND = YES;
				ENABLE_TESTABILITY = YES;
				GCC_C_LANGUAGE_STANDARD = gnu11;
				GCC_DYNAMIC_NO_PIC = NO;
				GCC_NO_COMMON_BLOCKS = YES;
				GCC_OPTIMIZATION_LEVEL = 0;
				GCC_PREPROCESSOR_DEFINITIONS = (
					"DEBUG=1",
					"$(inherited)",
				);
				GCC_WARN_64_TO_32_BIT_CONVERSION = YES;
				GCC_WARN_ABOUT_RETURN_TYPE = YES_ERROR;
				GCC_WARN_UNDECLARED_SELECTOR = YES;
				GCC_WARN_UNINITIALIZED_AUTOS = YES_AGGRESSIVE;
				GCC_WARN_UNUSED_FUNCTION = YES;
				GCC_WARN_UNUSED_VARIABLE = YES;
				IPHONEOS_DEPLOYMENT_TARGET = 15.2;
				MTL_ENABLE_DEBUG_INFO = INCLUDE_SOURCE;
				MTL_FAST_MATH = YES;
				ONLY_ACTIVE_ARCH = YES;
				SDKROOT = iphoneos;
				SWIFT_ACTIVE_COMPILATION_CONDITIONS = DEBUG;
				SWIFT_OPTIMIZATION_LEVEL = "-Onone";
			};
			name = Debug;
		};
		2F871C38277F3A83002CB6F0 /* Release */ = {
			isa = XCBuildConfiguration;
			buildSettings = {
				ALWAYS_SEARCH_USER_PATHS = NO;
				CLANG_ANALYZER_NONNULL = YES;
				CLANG_ANALYZER_NUMBER_OBJECT_CONVERSION = YES_AGGRESSIVE;
				CLANG_CXX_LANGUAGE_STANDARD = "gnu++17";
				CLANG_CXX_LIBRARY = "libc++";
				CLANG_ENABLE_MODULES = YES;
				CLANG_ENABLE_OBJC_ARC = YES;
				CLANG_ENABLE_OBJC_WEAK = YES;
				CLANG_WARN_BLOCK_CAPTURE_AUTORELEASING = YES;
				CLANG_WARN_BOOL_CONVERSION = YES;
				CLANG_WARN_COMMA = YES;
				CLANG_WARN_CONSTANT_CONVERSION = YES;
				CLANG_WARN_DEPRECATED_OBJC_IMPLEMENTATIONS = YES;
				CLANG_WARN_DIRECT_OBJC_ISA_USAGE = YES_ERROR;
				CLANG_WARN_DOCUMENTATION_COMMENTS = YES;
				CLANG_WARN_EMPTY_BODY = YES;
				CLANG_WARN_ENUM_CONVERSION = YES;
				CLANG_WARN_INFINITE_RECURSION = YES;
				CLANG_WARN_INT_CONVERSION = YES;
				CLANG_WARN_NON_LITERAL_NULL_CONVERSION = YES;
				CLANG_WARN_OBJC_IMPLICIT_RETAIN_SELF = YES;
				CLANG_WARN_OBJC_LITERAL_CONVERSION = YES;
				CLANG_WARN_OBJC_ROOT_CLASS = YES_ERROR;
				CLANG_WARN_QUOTED_INCLUDE_IN_FRAMEWORK_HEADER = YES;
				CLANG_WARN_RANGE_LOOP_ANALYSIS = YES;
				CLANG_WARN_STRICT_PROTOTYPES = YES;
				CLANG_WARN_SUSPICIOUS_MOVE = YES;
				CLANG_WARN_UNGUARDED_AVAILABILITY = YES_AGGRESSIVE;
				CLANG_WARN_UNREACHABLE_CODE = YES;
				CLANG_WARN__DUPLICATE_METHOD_MATCH = YES;
				COPY_PHASE_STRIP = NO;
				DEBUG_INFORMATION_FORMAT = "dwarf-with-dsym";
				ENABLE_NS_ASSERTIONS = NO;
				ENABLE_STRICT_OBJC_MSGSEND = YES;
				GCC_C_LANGUAGE_STANDARD = gnu11;
				GCC_NO_COMMON_BLOCKS = YES;
				GCC_WARN_64_TO_32_BIT_CONVERSION = YES;
				GCC_WARN_ABOUT_RETURN_TYPE = YES_ERROR;
				GCC_WARN_UNDECLARED_SELECTOR = YES;
				GCC_WARN_UNINITIALIZED_AUTOS = YES_AGGRESSIVE;
				GCC_WARN_UNUSED_FUNCTION = YES;
				GCC_WARN_UNUSED_VARIABLE = YES;
				IPHONEOS_DEPLOYMENT_TARGET = 15.2;
				MTL_ENABLE_DEBUG_INFO = NO;
				MTL_FAST_MATH = YES;
				SDKROOT = iphoneos;
				SWIFT_COMPILATION_MODE = wholemodule;
				SWIFT_OPTIMIZATION_LEVEL = "-O";
				VALIDATE_PRODUCT = YES;
			};
			name = Release;
		};
		2F871C3A277F3A84002CB6F0 /* Debug */ = {
			isa = XCBuildConfiguration;
			buildSettings = {
				ASSETCATALOG_COMPILER_APPICON_NAME = AppIcon;
				ASSETCATALOG_COMPILER_GLOBAL_ACCENT_COLOR_NAME = AccentColor;
				CODE_SIGN_STYLE = Automatic;
				CURRENT_PROJECT_VERSION = 1;
				DEVELOPMENT_ASSET_PATHS = "\"SwiftUINavigationLab/Preview Content\"";
				DEVELOPMENT_TEAM = W3A96C9WSG;
				ENABLE_PREVIEWS = YES;
				GENERATE_INFOPLIST_FILE = YES;
				INFOPLIST_KEY_UIApplicationSceneManifest_Generation = YES;
				INFOPLIST_KEY_UIApplicationSupportsIndirectInputEvents = YES;
				INFOPLIST_KEY_UILaunchScreen_Generation = YES;
				INFOPLIST_KEY_UISupportedInterfaceOrientations_iPad = "UIInterfaceOrientationPortrait UIInterfaceOrientationPortraitUpsideDown UIInterfaceOrientationLandscapeLeft UIInterfaceOrientationLandscapeRight";
				INFOPLIST_KEY_UISupportedInterfaceOrientations_iPhone = "UIInterfaceOrientationPortrait UIInterfaceOrientationLandscapeLeft UIInterfaceOrientationLandscapeRight";
				LD_RUNPATH_SEARCH_PATHS = (
					"$(inherited)",
					"@executable_path/Frameworks",
				);
				MARKETING_VERSION = 1.0;
				PRODUCT_BUNDLE_IDENTIFIER = pl.kamil.wyszomierski.SwiftUINavigationLab;
				PRODUCT_NAME = "$(TARGET_NAME)";
				SWIFT_EMIT_LOC_STRINGS = YES;
				SWIFT_VERSION = 5.0;
				TARGETED_DEVICE_FAMILY = "1,2";
			};
			name = Debug;
		};
		2F871C3B277F3A84002CB6F0 /* Release */ = {
			isa = XCBuildConfiguration;
			buildSettings = {
				ASSETCATALOG_COMPILER_APPICON_NAME = AppIcon;
				ASSETCATALOG_COMPILER_GLOBAL_ACCENT_COLOR_NAME = AccentColor;
				CODE_SIGN_STYLE = Automatic;
				CURRENT_PROJECT_VERSION = 1;
				DEVELOPMENT_ASSET_PATHS = "\"SwiftUINavigationLab/Preview Content\"";
				DEVELOPMENT_TEAM = W3A96C9WSG;
				ENABLE_PREVIEWS = YES;
				GENERATE_INFOPLIST_FILE = YES;
				INFOPLIST_KEY_UIApplicationSceneManifest_Generation = YES;
				INFOPLIST_KEY_UIApplicationSupportsIndirectInputEvents = YES;
				INFOPLIST_KEY_UILaunchScreen_Generation = YES;
				INFOPLIST_KEY_UISupportedInterfaceOrientations_iPad = "UIInterfaceOrientationPortrait UIInterfaceOrientationPortraitUpsideDown UIInterfaceOrientationLandscapeLeft UIInterfaceOrientationLandscapeRight";
				INFOPLIST_KEY_UISupportedInterfaceOrientations_iPhone = "UIInterfaceOrientationPortrait UIInterfaceOrientationLandscapeLeft UIInterfaceOrientationLandscapeRight";
				LD_RUNPATH_SEARCH_PATHS = (
					"$(inherited)",
					"@executable_path/Frameworks",
				);
				MARKETING_VERSION = 1.0;
				PRODUCT_BUNDLE_IDENTIFIER = pl.kamil.wyszomierski.SwiftUINavigationLab;
				PRODUCT_NAME = "$(TARGET_NAME)";
				SWIFT_EMIT_LOC_STRINGS = YES;
				SWIFT_VERSION = 5.0;
				TARGETED_DEVICE_FAMILY = "1,2";
			};
			name = Release;
		};
		2F871C3D277F3A84002CB6F0 /* Debug */ = {
			isa = XCBuildConfiguration;
			buildSettings = {
				ALWAYS_EMBED_SWIFT_STANDARD_LIBRARIES = YES;
				BUNDLE_LOADER = "$(TEST_HOST)";
				CODE_SIGN_STYLE = Automatic;
				CURRENT_PROJECT_VERSION = 1;
				DEVELOPMENT_TEAM = W3A96C9WSG;
				GENERATE_INFOPLIST_FILE = YES;
				IPHONEOS_DEPLOYMENT_TARGET = 15.2;
				MARKETING_VERSION = 1.0;
				PRODUCT_BUNDLE_IDENTIFIER = pl.kamil.wyszomierski.SwiftUINavigationLabTests;
				PRODUCT_NAME = "$(TARGET_NAME)";
				SWIFT_EMIT_LOC_STRINGS = NO;
				SWIFT_VERSION = 5.0;
				TARGETED_DEVICE_FAMILY = "1,2";
				TEST_HOST = "$(BUILT_PRODUCTS_DIR)/SwiftUINavigationLab.app/SwiftUINavigationLab";
			};
			name = Debug;
		};
		2F871C3E277F3A84002CB6F0 /* Release */ = {
			isa = XCBuildConfiguration;
			buildSettings = {
				ALWAYS_EMBED_SWIFT_STANDARD_LIBRARIES = YES;
				BUNDLE_LOADER = "$(TEST_HOST)";
				CODE_SIGN_STYLE = Automatic;
				CURRENT_PROJECT_VERSION = 1;
				DEVELOPMENT_TEAM = W3A96C9WSG;
				GENERATE_INFOPLIST_FILE = YES;
				IPHONEOS_DEPLOYMENT_TARGET = 15.2;
				MARKETING_VERSION = 1.0;
				PRODUCT_BUNDLE_IDENTIFIER = pl.kamil.wyszomierski.SwiftUINavigationLabTests;
				PRODUCT_NAME = "$(TARGET_NAME)";
				SWIFT_EMIT_LOC_STRINGS = NO;
				SWIFT_VERSION = 5.0;
				TARGETED_DEVICE_FAMILY = "1,2";
				TEST_HOST = "$(BUILT_PRODUCTS_DIR)/SwiftUINavigationLab.app/SwiftUINavigationLab";
			};
			name = Release;
		};
		2F871C40277F3A84002CB6F0 /* Debug */ = {
			isa = XCBuildConfiguration;
			buildSettings = {
				ALWAYS_EMBED_SWIFT_STANDARD_LIBRARIES = YES;
				CODE_SIGN_STYLE = Automatic;
				CURRENT_PROJECT_VERSION = 1;
				DEVELOPMENT_TEAM = W3A96C9WSG;
				GENERATE_INFOPLIST_FILE = YES;
				MARKETING_VERSION = 1.0;
				PRODUCT_BUNDLE_IDENTIFIER = pl.kamil.wyszomierski.SwiftUINavigationLabUITests;
				PRODUCT_NAME = "$(TARGET_NAME)";
				SWIFT_EMIT_LOC_STRINGS = NO;
				SWIFT_VERSION = 5.0;
				TARGETED_DEVICE_FAMILY = "1,2";
				TEST_TARGET_NAME = SwiftUINavigationLab;
			};
			name = Debug;
		};
		2F871C41277F3A84002CB6F0 /* Release */ = {
			isa = XCBuildConfiguration;
			buildSettings = {
				ALWAYS_EMBED_SWIFT_STANDARD_LIBRARIES = YES;
				CODE_SIGN_STYLE = Automatic;
				CURRENT_PROJECT_VERSION = 1;
				DEVELOPMENT_TEAM = W3A96C9WSG;
				GENERATE_INFOPLIST_FILE = YES;
				MARKETING_VERSION = 1.0;
				PRODUCT_BUNDLE_IDENTIFIER = pl.kamil.wyszomierski.SwiftUINavigationLabUITests;
				PRODUCT_NAME = "$(TARGET_NAME)";
				SWIFT_EMIT_LOC_STRINGS = NO;
				SWIFT_VERSION = 5.0;
				TARGETED_DEVICE_FAMILY = "1,2";
				TEST_TARGET_NAME = SwiftUINavigationLab;
			};
			name = Release;
		};
/* End XCBuildConfiguration section */

/* Begin XCConfigurationList section */
		2F871C10277F3A82002CB6F0 /* Build configuration list for PBXProject "SwiftUINavigationLab" */ = {
			isa = XCConfigurationList;
			buildConfigurations = (
				2F871C37277F3A83002CB6F0 /* Debug */,
				2F871C38277F3A83002CB6F0 /* Release */,
			);
			defaultConfigurationIsVisible = 0;
			defaultConfigurationName = Release;
		};
		2F871C39277F3A84002CB6F0 /* Build configuration list for PBXNativeTarget "SwiftUINavigationLab" */ = {
			isa = XCConfigurationList;
			buildConfigurations = (
				2F871C3A277F3A84002CB6F0 /* Debug */,
				2F871C3B277F3A84002CB6F0 /* Release */,
			);
			defaultConfigurationIsVisible = 0;
			defaultConfigurationName = Release;
		};
		2F871C3C277F3A84002CB6F0 /* Build configuration list for PBXNativeTarget "SwiftUINavigationLabTests" */ = {
			isa = XCConfigurationList;
			buildConfigurations = (
				2F871C3D277F3A84002CB6F0 /* Debug */,
				2F871C3E277F3A84002CB6F0 /* Release */,
			);
			defaultConfigurationIsVisible = 0;
			defaultConfigurationName = Release;
		};
		2F871C3F277F3A84002CB6F0 /* Build configuration list for PBXNativeTarget "SwiftUINavigationLabUITests" */ = {
			isa = XCConfigurationList;
			buildConfigurations = (
				2F871C40277F3A84002CB6F0 /* Debug */,
				2F871C41277F3A84002CB6F0 /* Release */,
			);
			defaultConfigurationIsVisible = 0;
			defaultConfigurationName = Release;
		};
/* End XCConfigurationList section */

/* Begin XCSwiftPackageProductDependency section */
		2F5AAF91277F6547002C6922 /* ViewAdditions */ = {
			isa = XCSwiftPackageProductDependency;
			productName = ViewAdditions;
		};
/* End XCSwiftPackageProductDependency section */
	};
	rootObject = 2F871C0D277F3A82002CB6F0 /* Project object */;
}
